// !$*UTF8*$!
{
	archiveVersion = 1;
	classes = {
	};
	objectVersion = 46;
	objects = {

/* Begin PBXBuildFile section */
		1A6B69C91DB9E50600AF79E7 /* AppDelegate.swift in Sources */ = {isa = PBXBuildFile; fileRef = 1A6B69C81DB9E50600AF79E7 /* AppDelegate.swift */; };
		1A6B69CE1DB9E50600AF79E7 /* Main.storyboard in Resources */ = {isa = PBXBuildFile; fileRef = 1A6B69CC1DB9E50600AF79E7 /* Main.storyboard */; };
		1A6B69D01DB9E50600AF79E7 /* Assets.xcassets in Resources */ = {isa = PBXBuildFile; fileRef = 1A6B69CF1DB9E50600AF79E7 /* Assets.xcassets */; };
		1A6B69D31DB9E50600AF79E7 /* LaunchScreen.storyboard in Resources */ = {isa = PBXBuildFile; fileRef = 1A6B69D11DB9E50600AF79E7 /* LaunchScreen.storyboard */; };
		1A6B69DE1DB9E50600AF79E7 /* AutoLayoutDemoTests.swift in Sources */ = {isa = PBXBuildFile; fileRef = 1A6B69DD1DB9E50600AF79E7 /* AutoLayoutDemoTests.swift */; };
		1A6B69E91DB9E50600AF79E7 /* AutoLayoutDemoUITests.swift in Sources */ = {isa = PBXBuildFile; fileRef = 1A6B69E81DB9E50600AF79E7 /* AutoLayoutDemoUITests.swift */; };
		1A87AC481DC1E24300DB5519 /* AutoLayoutTableViewController.swift in Sources */ = {isa = PBXBuildFile; fileRef = 1A87AC471DC1E24300DB5519 /* AutoLayoutTableViewController.swift */; };
		1A87AC4A1DC1EBA700DB5519 /* AutoLayoutTableViewCell.swift in Sources */ = {isa = PBXBuildFile; fileRef = 1A87AC491DC1EBA700DB5519 /* AutoLayoutTableViewCell.swift */; };
/* End PBXBuildFile section */

/* Begin PBXContainerItemProxy section */
		1A6B69DA1DB9E50600AF79E7 /* PBXContainerItemProxy */ = {
			isa = PBXContainerItemProxy;
			containerPortal = 1A6B69BD1DB9E50600AF79E7 /* Project object */;
			proxyType = 1;
			remoteGlobalIDString = 1A6B69C41DB9E50600AF79E7;
			remoteInfo = AutoLayoutDemo;
		};
		1A6B69E51DB9E50600AF79E7 /* PBXContainerItemProxy */ = {
			isa = PBXContainerItemProxy;
			containerPortal = 1A6B69BD1DB9E50600AF79E7 /* Project object */;
			proxyType = 1;
			remoteGlobalIDString = 1A6B69C41DB9E50600AF79E7;
			remoteInfo = AutoLayoutDemo;
		};
/* End PBXContainerItemProxy section */

/* Begin PBXFileReference section */
		1A6B69C51DB9E50600AF79E7 /* AutoLayoutDemo.app */ = {isa = PBXFileReference; explicitFileType = wrapper.application; includeInIndex = 0; path = AutoLayoutDemo.app; sourceTree = BUILT_PRODUCTS_DIR; };
		1A6B69C81DB9E50600AF79E7 /* AppDelegate.swift */ = {isa = PBXFileReference; lastKnownFileType = sourcecode.swift; path = AppDelegate.swift; sourceTree = "<group>"; };
		1A6B69CD1DB9E50600AF79E7 /* Base */ = {isa = PBXFileReference; lastKnownFileType = file.storyboard; name = Base; path = Base.lproj/Main.storyboard; sourceTree = "<group>"; };
		1A6B69CF1DB9E50600AF79E7 /* Assets.xcassets */ = {isa = PBXFileReference; lastKnownFileType = folder.assetcatalog; path = Assets.xcassets; sourceTree = "<group>"; };
		1A6B69D21DB9E50600AF79E7 /* Base */ = {isa = PBXFileReference; lastKnownFileType = file.storyboard; name = Base; path = Base.lproj/LaunchScreen.storyboard; sourceTree = "<group>"; };
		1A6B69D41DB9E50600AF79E7 /* Info.plist */ = {isa = PBXFileReference; lastKnownFileType = text.plist.xml; path = Info.plist; sourceTree = "<group>"; };
		1A6B69D91DB9E50600AF79E7 /* AutoLayoutDemoTests.xctest */ = {isa = PBXFileReference; explicitFileType = wrapper.cfbundle; includeInIndex = 0; path = AutoLayoutDemoTests.xctest; sourceTree = BUILT_PRODUCTS_DIR; };
		1A6B69DD1DB9E50600AF79E7 /* AutoLayoutDemoTests.swift */ = {isa = PBXFileReference; lastKnownFileType = sourcecode.swift; path = AutoLayoutDemoTests.swift; sourceTree = "<group>"; };
		1A6B69DF1DB9E50600AF79E7 /* Info.plist */ = {isa = PBXFileReference; lastKnownFileType = text.plist.xml; path = Info.plist; sourceTree = "<group>"; };
		1A6B69E41DB9E50600AF79E7 /* AutoLayoutDemoUITests.xctest */ = {isa = PBXFileReference; explicitFileType = wrapper.cfbundle; includeInIndex = 0; path = AutoLayoutDemoUITests.xctest; sourceTree = BUILT_PRODUCTS_DIR; };
		1A6B69E81DB9E50600AF79E7 /* AutoLayoutDemoUITests.swift */ = {isa = PBXFileReference; lastKnownFileType = sourcecode.swift; path = AutoLayoutDemoUITests.swift; sourceTree = "<group>"; };
		1A6B69EA1DB9E50600AF79E7 /* Info.plist */ = {isa = PBXFileReference; lastKnownFileType = text.plist.xml; path = Info.plist; sourceTree = "<group>"; };
		1A87AC471DC1E24300DB5519 /* AutoLayoutTableViewController.swift */ = {isa = PBXFileReference; fileEncoding = 4; lastKnownFileType = sourcecode.swift; path = AutoLayoutTableViewController.swift; sourceTree = "<group>"; };
		1A87AC491DC1EBA700DB5519 /* AutoLayoutTableViewCell.swift */ = {isa = PBXFileReference; fileEncoding = 4; lastKnownFileType = sourcecode.swift; path = AutoLayoutTableViewCell.swift; sourceTree = "<group>"; };
/* End PBXFileReference section */

/* Begin PBXFrameworksBuildPhase section */
		1A6B69C21DB9E50600AF79E7 /* Frameworks */ = {
			isa = PBXFrameworksBuildPhase;
			buildActionMask = 2147483647;
			files = (
			);
			runOnlyForDeploymentPostprocessing = 0;
		};
		1A6B69D61DB9E50600AF79E7 /* Frameworks */ = {
			isa = PBXFrameworksBuildPhase;
			buildActionMask = 2147483647;
			files = (
			);
			runOnlyForDeploymentPostprocessing = 0;
		};
		1A6B69E11DB9E50600AF79E7 /* Frameworks */ = {
			isa = PBXFrameworksBuildPhase;
			buildActionMask = 2147483647;
			files = (
			);
			runOnlyForDeploymentPostprocessing = 0;
		};
/* End PBXFrameworksBuildPhase section */

/* Begin PBXGroup section */
		1A6B69BC1DB9E50600AF79E7 = {
			isa = PBXGroup;
			children = (
				1A6B69C71DB9E50600AF79E7 /* AutoLayoutDemo */,
				1A6B69DC1DB9E50600AF79E7 /* AutoLayoutDemoTests */,
				1A6B69E71DB9E50600AF79E7 /* AutoLayoutDemoUITests */,
				1A6B69C61DB9E50600AF79E7 /* Products */,
			);
			sourceTree = "<group>";
		};
		1A6B69C61DB9E50600AF79E7 /* Products */ = {
			isa = PBXGroup;
			children = (
				1A6B69C51DB9E50600AF79E7 /* AutoLayoutDemo.app */,
				1A6B69D91DB9E50600AF79E7 /* AutoLayoutDemoTests.xctest */,
				1A6B69E41DB9E50600AF79E7 /* AutoLayoutDemoUITests.xctest */,
			);
			name = Products;
			sourceTree = "<group>";
		};
		1A6B69C71DB9E50600AF79E7 /* AutoLayoutDemo */ = {
			isa = PBXGroup;
			children = (
				1A6B69C81DB9E50600AF79E7 /* AppDelegate.swift */,
				1A87AC471DC1E24300DB5519 /* AutoLayoutTableViewController.swift */,
				1A87AC491DC1EBA700DB5519 /* AutoLayoutTableViewCell.swift */,
				1A6B69CC1DB9E50600AF79E7 /* Main.storyboard */,
				1A6B69CF1DB9E50600AF79E7 /* Assets.xcassets */,
				1A6B69D11DB9E50600AF79E7 /* LaunchScreen.storyboard */,
				1A6B69D41DB9E50600AF79E7 /* Info.plist */,
			);
			path = AutoLayoutDemo;
			sourceTree = "<group>";
		};
		1A6B69DC1DB9E50600AF79E7 /* AutoLayoutDemoTests */ = {
			isa = PBXGroup;
			children = (
				1A6B69DD1DB9E50600AF79E7 /* AutoLayoutDemoTests.swift */,
				1A6B69DF1DB9E50600AF79E7 /* Info.plist */,
			);
			path = AutoLayoutDemoTests;
			sourceTree = "<group>";
		};
		1A6B69E71DB9E50600AF79E7 /* AutoLayoutDemoUITests */ = {
			isa = PBXGroup;
			children = (
				1A6B69E81DB9E50600AF79E7 /* AutoLayoutDemoUITests.swift */,
				1A6B69EA1DB9E50600AF79E7 /* Info.plist */,
			);
			path = AutoLayoutDemoUITests;
			sourceTree = "<group>";
		};
/* End PBXGroup section */

/* Begin PBXNativeTarget section */
		1A6B69C41DB9E50600AF79E7 /* AutoLayoutDemo */ = {
			isa = PBXNativeTarget;
			buildConfigurationList = 1A6B69ED1DB9E50600AF79E7 /* Build configuration list for PBXNativeTarget "AutoLayoutDemo" */;
			buildPhases = (
				1A6B69C11DB9E50600AF79E7 /* Sources */,
				1A6B69C21DB9E50600AF79E7 /* Frameworks */,
				1A6B69C31DB9E50600AF79E7 /* Resources */,
			);
			buildRules = (
			);
			dependencies = (
			);
			name = AutoLayoutDemo;
			productName = AutoLayoutDemo;
			productReference = 1A6B69C51DB9E50600AF79E7 /* AutoLayoutDemo.app */;
			productType = "com.apple.product-type.application";
		};
		1A6B69D81DB9E50600AF79E7 /* AutoLayoutDemoTests */ = {
			isa = PBXNativeTarget;
			buildConfigurationList = 1A6B69F01DB9E50600AF79E7 /* Build configuration list for PBXNativeTarget "AutoLayoutDemoTests" */;
			buildPhases = (
				1A6B69D51DB9E50600AF79E7 /* Sources */,
				1A6B69D61DB9E50600AF79E7 /* Frameworks */,
				1A6B69D71DB9E50600AF79E7 /* Resources */,
			);
			buildRules = (
			);
			dependencies = (
				1A6B69DB1DB9E50600AF79E7 /* PBXTargetDependency */,
			);
			name = AutoLayoutDemoTests;
			productName = AutoLayoutDemoTests;
			productReference = 1A6B69D91DB9E50600AF79E7 /* AutoLayoutDemoTests.xctest */;
			productType = "com.apple.product-type.bundle.unit-test";
		};
		1A6B69E31DB9E50600AF79E7 /* AutoLayoutDemoUITests */ = {
			isa = PBXNativeTarget;
			buildConfigurationList = 1A6B69F31DB9E50600AF79E7 /* Build configuration list for PBXNativeTarget "AutoLayoutDemoUITests" */;
			buildPhases = (
				1A6B69E01DB9E50600AF79E7 /* Sources */,
				1A6B69E11DB9E50600AF79E7 /* Frameworks */,
				1A6B69E21DB9E50600AF79E7 /* Resources */,
			);
			buildRules = (
			);
			dependencies = (
				1A6B69E61DB9E50600AF79E7 /* PBXTargetDependency */,
			);
			name = AutoLayoutDemoUITests;
			productName = AutoLayoutDemoUITests;
			productReference = 1A6B69E41DB9E50600AF79E7 /* AutoLayoutDemoUITests.xctest */;
			productType = "com.apple.product-type.bundle.ui-testing";
		};
/* End PBXNativeTarget section */

/* Begin PBXProject section */
		1A6B69BD1DB9E50600AF79E7 /* Project object */ = {
			isa = PBXProject;
			attributes = {
				LastSwiftUpdateCheck = 0730;
				LastUpgradeCheck = 0730;
				ORGANIZATIONNAME = "Eefung Software";
				TargetAttributes = {
					1A6B69C41DB9E50600AF79E7 = {
						CreatedOnToolsVersion = 7.3.1;
					};
					1A6B69D81DB9E50600AF79E7 = {
						CreatedOnToolsVersion = 7.3.1;
						TestTargetID = 1A6B69C41DB9E50600AF79E7;
					};
					1A6B69E31DB9E50600AF79E7 = {
						CreatedOnToolsVersion = 7.3.1;
						TestTargetID = 1A6B69C41DB9E50600AF79E7;
					};
				};
			};
			buildConfigurationList = 1A6B69C01DB9E50600AF79E7 /* Build configuration list for PBXProject "AutoLayoutDemo" */;
			compatibilityVersion = "Xcode 3.2";
			developmentRegion = English;
			hasScannedForEncodings = 0;
			knownRegions = (
				en,
				Base,
			);
			mainGroup = 1A6B69BC1DB9E50600AF79E7;
			productRefGroup = 1A6B69C61DB9E50600AF79E7 /* Products */;
			projectDirPath = "";
			projectRoot = "";
			targets = (
				1A6B69C41DB9E50600AF79E7 /* AutoLayoutDemo */,
				1A6B69D81DB9E50600AF79E7 /* AutoLayoutDemoTests */,
				1A6B69E31DB9E50600AF79E7 /* AutoLayoutDemoUITests */,
			);
		};
/* End PBXProject section */

/* Begin PBXResourcesBuildPhase section */
		1A6B69C31DB9E50600AF79E7 /* Resources */ = {
			isa = PBXResourcesBuildPhase;
			buildActionMask = 2147483647;
			files = (
				1A6B69D31DB9E50600AF79E7 /* LaunchScreen.storyboard in Resources */,
				1A6B69D01DB9E50600AF79E7 /* Assets.xcassets in Resources */,
				1A6B69CE1DB9E50600AF79E7 /* Main.storyboard in Resources */,
			);
			runOnlyForDeploymentPostprocessing = 0;
		};
		1A6B69D71DB9E50600AF79E7 /* Resources */ = {
			isa = PBXResourcesBuildPhase;
			buildActionMask = 2147483647;
			files = (
			);
			runOnlyForDeploymentPostprocessing = 0;
		};
		1A6B69E21DB9E50600AF79E7 /* Resources */ = {
			isa = PBXResourcesBuildPhase;
			buildActionMask = 2147483647;
			files = (
			);
			runOnlyForDeploymentPostprocessing = 0;
		};
/* End PBXResourcesBuildPhase section */

/* Begin PBXSourcesBuildPhase section */
		1A6B69C11DB9E50600AF79E7 /* Sources */ = {
			isa = PBXSourcesBuildPhase;
			buildActionMask = 2147483647;
			files = (
				1A87AC481DC1E24300DB5519 /* AutoLayoutTableViewController.swift in Sources */,
				1A87AC4A1DC1EBA700DB5519 /* AutoLayoutTableViewCell.swift in Sources */,
				1A6B69C91DB9E50600AF79E7 /* AppDelegate.swift in Sources */,
			);
			runOnlyForDeploymentPostprocessing = 0;
		};
		1A6B69D51DB9E50600AF79E7 /* Sources */ = {
			isa = PBXSourcesBuildPhase;
			buildActionMask = 2147483647;
			files = (
				1A6B69DE1DB9E50600AF79E7 /* AutoLayoutDemoTests.swift in Sources */,
			);
			runOnlyForDeploymentPostprocessing = 0;
		};
		1A6B69E01DB9E50600AF79E7 /* Sources */ = {
			isa = PBXSourcesBuildPhase;
			buildActionMask = 2147483647;
			files = (
				1A6B69E91DB9E50600AF79E7 /* AutoLayoutDemoUITests.swift in Sources */,
			);
			runOnlyForDeploymentPostprocessing = 0;
		};
/* End PBXSourcesBuildPhase section */

/* Begin PBXTargetDependency section */
		1A6B69DB1DB9E50600AF79E7 /* PBXTargetDependency */ = {
			isa = PBXTargetDependency;
			target = 1A6B69C41DB9E50600AF79E7 /* AutoLayoutDemo */;
			targetProxy = 1A6B69DA1DB9E50600AF79E7 /* PBXContainerItemProxy */;
		};
		1A6B69E61DB9E50600AF79E7 /* PBXTargetDependency */ = {
			isa = PBXTargetDependency;
			target = 1A6B69C41DB9E50600AF79E7 /* AutoLayoutDemo */;
			targetProxy = 1A6B69E51DB9E50600AF79E7 /* PBXContainerItemProxy */;
		};
/* End PBXTargetDependency section */

/* Begin PBXVariantGroup section */
		1A6B69CC1DB9E50600AF79E7 /* Main.storyboard */ = {
			isa = PBXVariantGroup;
			children = (
				1A6B69CD1DB9E50600AF79E7 /* Base */,
			);
			name = Main.storyboard;
			sourceTree = "<group>";
		};
		1A6B69D11DB9E50600AF79E7 /* LaunchScreen.storyboard */ = {
			isa = PBXVariantGroup;
			children = (
				1A6B69D21DB9E50600AF79E7 /* Base */,
			);
			name = LaunchScreen.storyboard;
			sourceTree = "<group>";
		};
/* End PBXVariantGroup section */

/* Begin XCBuildConfiguration section */
		1A6B69EB1DB9E50600AF79E7 /* Debug */ = {
			isa = XCBuildConfiguration;
			buildSettings = {
				ALWAYS_SEARCH_USER_PATHS = NO;
				CLANG_ANALYZER_NONNULL = YES;
				CLANG_CXX_LANGUAGE_STANDARD = "gnu++0x";
				CLANG_CXX_LIBRARY = "libc++";
				CLANG_ENABLE_MODULES = YES;
				CLANG_ENABLE_OBJC_ARC = YES;
				CLANG_WARN_BOOL_CONVERSION = YES;
				CLANG_WARN_CONSTANT_CONVERSION = YES;
				CLANG_WARN_DIRECT_OBJC_ISA_USAGE = YES_ERROR;
				CLANG_WARN_EMPTY_BODY = YES;
				CLANG_WARN_ENUM_CONVERSION = YES;
				CLANG_WARN_INT_CONVERSION = YES;
				CLANG_WARN_OBJC_ROOT_CLASS = YES_ERROR;
				CLANG_WARN_UNREACHABLE_CODE = YES;
				CLANG_WARN__DUPLICATE_METHOD_MATCH = YES;
				"CODE_SIGN_IDENTITY[sdk=iphoneos*]" = "iPhone Developer";
				COPY_PHASE_STRIP = NO;
				DEBUG_INFORMATION_FORMAT = dwarf;
				ENABLE_STRICT_OBJC_MSGSEND = YES;
				ENABLE_TESTABILITY = YES;
				GCC_C_LANGUAGE_STANDARD = gnu99;
				GCC_DYNAMIC_NO_PIC = NO;
				GCC_NO_COMMON_BLOCKS = YES;
				GCC_OPTIMIZATION_LEVEL = 0;
				GCC_PREPROCESSOR_DEFINITIONS = (
					"DEBUG=1",
					"$(inherited)",
				);
				GCC_WARN_64_TO_32_BIT_CONVERSION = YES;
				GCC_WARN_ABOUT_RETURN_TYPE = YES_ERROR;
				GCC_WARN_UNDECLARED_SELECTOR = YES;
				GCC_WARN_UNINITIALIZED_AUTOS = YES_AGGRESSIVE;
				GCC_WARN_UNUSED_FUNCTION = YES;
				GCC_WARN_UNUSED_VARIABLE = YES;
				IPHONEOS_DEPLOYMENT_TARGET = 9.3;
				MTL_ENABLE_DEBUG_INFO = YES;
				ONLY_ACTIVE_ARCH = YES;
				SDKROOT = iphoneos;
				SWIFT_OPTIMIZATION_LEVEL = "-Onone";
			};
			name = Debug;
		};
		1A6B69EC1DB9E50600AF79E7 /* Release */ = {
			isa = XCBuildConfiguration;
			buildSettings = {
				ALWAYS_SEARCH_USER_PATHS = NO;
				CLANG_ANALYZER_NONNULL = YES;
				CLANG_CXX_LANGUAGE_STANDARD = "gnu++0x";
				CLANG_CXX_LIBRARY = "libc++";
				CLANG_ENABLE_MODULES = YES;
				CLANG_ENABLE_OBJC_ARC = YES;
				CLANG_WARN_BOOL_CONVERSION = YES;
				CLANG_WARN_CONSTANT_CONVERSION = YES;
				CLANG_WARN_DIRECT_OBJC_ISA_USAGE = YES_ERROR;
				CLANG_WARN_EMPTY_BODY = YES;
				CLANG_WARN_ENUM_CONVERSION = YES;
				CLANG_WARN_INT_CONVERSION = YES;
				CLANG_WARN_OBJC_ROOT_CLASS = YES_ERROR;
				CLANG_WARN_UNREACHABLE_CODE = YES;
				CLANG_WARN__DUPLICATE_METHOD_MATCH = YES;
				"CODE_SIGN_IDENTITY[sdk=iphoneos*]" = "iPhone Developer";
				COPY_PHASE_STRIP = NO;
				DEBUG_INFORMATION_FORMAT = "dwarf-with-dsym";
				ENABLE_NS_ASSERTIONS = NO;
				ENABLE_STRICT_OBJC_MSGSEND = YES;
				GCC_C_LANGUAGE_STANDARD = gnu99;
				GCC_NO_COMMON_BLOCKS = YES;
				GCC_WARN_64_TO_32_BIT_CONVERSION = YES;
				GCC_WARN_ABOUT_RETURN_TYPE = YES_ERROR;
				GCC_WARN_UNDECLARED_SELECTOR = YES;
				GCC_WARN_UNINITIALIZED_AUTOS = YES_AGGRESSIVE;
				GCC_WARN_UNUSED_FUNCTION = YES;
				GCC_WARN_UNUSED_VARIABLE = YES;
				IPHONEOS_DEPLOYMENT_TARGET = 9.3;
				MTL_ENABLE_DEBUG_INFO = NO;
				SDKROOT = iphoneos;
				VALIDATE_PRODUCT = YES;
			};
			name = Release;
		};
		1A6B69EE1DB9E50600AF79E7 /* Debug */ = {
			isa = XCBuildConfiguration;
			buildSettings = {
				ASSETCATALOG_COMPILER_APPICON_NAME = AppIcon;
				INFOPLIST_FILE = AutoLayoutDemo/Info.plist;
				LD_RUNPATH_SEARCH_PATHS = "$(inherited) @executable_path/Frameworks";
				PRODUCT_BUNDLE_IDENTIFIER = com.eefung.AutoLayoutDemo;
				PRODUCT_NAME = "$(TARGET_NAME)";
			};
			name = Debug;
		};
		1A6B69EF1DB9E50600AF79E7 /* Release */ = {
			isa = XCBuildConfiguration;
			buildSettings = {
				ASSETCATALOG_COMPILER_APPICON_NAME = AppIcon;
				INFOPLIST_FILE = AutoLayoutDemo/Info.plist;
				LD_RUNPATH_SEARCH_PATHS = "$(inherited) @executable_path/Frameworks";
				PRODUCT_BUNDLE_IDENTIFIER = com.eefung.AutoLayoutDemo;
				PRODUCT_NAME = "$(TARGET_NAME)";
			};
			name = Release;
		};
		1A6B69F11DB9E50600AF79E7 /* Debug */ = {
			isa = XCBuildConfiguration;
			buildSettings = {
				BUNDLE_LOADER = "$(TEST_HOST)";
				INFOPLIST_FILE = AutoLayoutDemoTests/Info.plist;
				LD_RUNPATH_SEARCH_PATHS = "$(inherited) @executable_path/Frameworks @loader_path/Frameworks";
				PRODUCT_BUNDLE_IDENTIFIER = com.eefung.AutoLayoutDemoTests;
				PRODUCT_NAME = "$(TARGET_NAME)";
				TEST_HOST = "$(BUILT_PRODUCTS_DIR)/AutoLayoutDemo.app/AutoLayoutDemo";
			};
			name = Debug;
		};
		1A6B69F21DB9E50600AF79E7 /* Release */ = {
			isa = XCBuildConfiguration;
			buildSettings = {
				BUNDLE_LOADER = "$(TEST_HOST)";
				INFOPLIST_FILE = AutoLayoutDemoTests/Info.plist;
				LD_RUNPATH_SEARCH_PATHS = "$(inherited) @executable_path/Frameworks @loader_path/Frameworks";
				PRODUCT_BUNDLE_IDENTIFIER = com.eefung.AutoLayoutDemoTests;
				PRODUCT_NAME = "$(TARGET_NAME)";
				TEST_HOST = "$(BUILT_PRODUCTS_DIR)/AutoLayoutDemo.app/AutoLayoutDemo";
			};
			name = Release;
		};
		1A6B69F41DB9E50600AF79E7 /* Debug */ = {
			isa = XCBuildConfiguration;
			buildSettings = {
				INFOPLIST_FILE = AutoLayoutDemoUITests/Info.plist;
				LD_RUNPATH_SEARCH_PATHS = "$(inherited) @executable_path/Frameworks @loader_path/Frameworks";
				PRODUCT_BUNDLE_IDENTIFIER = com.eefung.AutoLayoutDemoUITests;
				PRODUCT_NAME = "$(TARGET_NAME)";
				TEST_TARGET_NAME = AutoLayoutDemo;
			};
			name = Debug;
		};
		1A6B69F51DB9E50600AF79E7 /* Release */ = {
			isa = XCBuildConfiguration;
			buildSettings = {
				INFOPLIST_FILE = AutoLayoutDemoUITests/Info.plist;
				LD_RUNPATH_SEARCH_PATHS = "$(inherited) @executable_path/Frameworks @loader_path/Frameworks";
				PRODUCT_BUNDLE_IDENTIFIER = com.eefung.AutoLayoutDemoUITests;
				PRODUCT_NAME = "$(TARGET_NAME)";
				TEST_TARGET_NAME = AutoLayoutDemo;
			};
			name = Release;
		};
/* End XCBuildConfiguration section */

/* Begin XCConfigurationList section */
		1A6B69C01DB9E50600AF79E7 /* Build configuration list for PBXProject "AutoLayoutDemo" */ = {
			isa = XCConfigurationList;
			buildConfigurations = (
				1A6B69EB1DB9E50600AF79E7 /* Debug */,
				1A6B69EC1DB9E50600AF79E7 /* Release */,
			);
			defaultConfigurationIsVisible = 0;
			defaultConfigurationName = Release;
		};
		1A6B69ED1DB9E50600AF79E7 /* Build configuration list for PBXNativeTarget "AutoLayoutDemo" */ = {
			isa = XCConfigurationList;
			buildConfigurations = (
				1A6B69EE1DB9E50600AF79E7 /* Debug */,
				1A6B69EF1DB9E50600AF79E7 /* Release */,
			);
			defaultConfigurationIsVisible = 0;
			defaultConfigurationName = Release;
		};
		1A6B69F01DB9E50600AF79E7 /* Build configuration list for PBXNativeTarget "AutoLayoutDemoTests" */ = {
			isa = XCConfigurationList;
			buildConfigurations = (
				1A6B69F11DB9E50600AF79E7 /* Debug */,
				1A6B69F21DB9E50600AF79E7 /* Release */,
			);
			defaultConfigurationIsVisible = 0;
			defaultConfigurationName = Release;
		};
		1A6B69F31DB9E50600AF79E7 /* Build configuration list for PBXNativeTarget "AutoLayoutDemoUITests" */ = {
			isa = XCConfigurationList;
			buildConfigurations = (
				1A6B69F41DB9E50600AF79E7 /* Debug */,
				1A6B69F51DB9E50600AF79E7 /* Release */,
			);
			defaultConfigurationIsVisible = 0;
			defaultConfigurationName = Release;
		};
/* End XCConfigurationList section */
	};
	rootObject = 1A6B69BD1DB9E50600AF79E7 /* Project object */;
}
